
Microsoft Visual Studio Solution File, Format Version 12.00
# Visual Studio Version 17
VisualStudioVersion = 17.2.32630.192
MinimumVisualStudioVersion = 10.0.40219.1
Project("{FAE04EC0-301F-11D3-BF4B-00C04F79EFBC}") = "01082022 task", "01082022 task\01082022 task.csproj", "{D01F94FD-C5F5-45EB-BB59-CD87D45DAE14}"
EndProject
Global
	GlobalSection(SolutionConfigurationPlatforms) = preSolution
		Debug|Any CPU = Debug|Any CPU
		Release|Any CPU = Release|Any CPU
	EndGlobalSection
	GlobalSection(ProjectConfigurationPlatforms) = postSolution
		{D01F94FD-C5F5-45EB-BB59-CD87D45DAE14}.Debug|Any CPU.ActiveCfg = Debug|Any CPU
		{D01F94FD-C5F5-45EB-BB59-CD87D45DAE14}.Debug|Any CPU.Build.0 = Debug|Any CPU
		{D01F94FD-C5F5-45EB-BB59-CD87D45DAE14}.Release|Any CPU.ActiveCfg = Release|Any CPU
		{D01F94FD-C5F5-45EB-BB59-CD87D45DAE14}.Release|Any CPU.Build.0 = Release|Any CPU
	EndGlobalSection
	GlobalSection(SolutionProperties) = preSolution
		HideSolutionNode = FALSE
	EndGlobalSection
	GlobalSection(ExtensibilityGlobals) = postSolution
		SolutionGuid = {32E89785-0C5E-463C-BE90-00CFDF901340}
	EndGlobalSection
EndGlobal
