
Microsoft Visual Studio Solution File, Format Version 12.00
# Visual Studio Version 17
VisualStudioVersion = 17.2.32630.192
MinimumVisualStudioVersion = 10.0.40219.1
Project("{FAE04EC0-301F-11D3-BF4B-00C04F79EFBC}") = "Scope", "Scope\Scope.csproj", "{2EAA1836-8272-44F6-9976-EAFF9BB14CFA}"
EndProject
Global
	GlobalSection(SolutionConfigurationPlatforms) = preSolution
		Debug|Any CPU = Debug|Any CPU
		Release|Any CPU = Release|Any CPU
	EndGlobalSection
	GlobalSection(ProjectConfigurationPlatforms) = postSolution
		{2EAA1836-8272-44F6-9976-EAFF9BB14CFA}.Debug|Any CPU.ActiveCfg = Debug|Any CPU
		{2EAA1836-8272-44F6-9976-EAFF9BB14CFA}.Debug|Any CPU.Build.0 = Debug|Any CPU
		{2EAA1836-8272-44F6-9976-EAFF9BB14CFA}.Release|Any CPU.ActiveCfg = Release|Any CPU
		{2EAA1836-8272-44F6-9976-EAFF9BB14CFA}.Release|Any CPU.Build.0 = Release|Any CPU
	EndGlobalSection
	GlobalSection(SolutionProperties) = preSolution
		HideSolutionNode = FALSE
	EndGlobalSection
	GlobalSection(ExtensibilityGlobals) = postSolution
		SolutionGuid = {779AB913-C1AB-4ECE-9ABF-9A7E7666CA61}
	EndGlobalSection
EndGlobal
