
Microsoft Visual Studio Solution File, Format Version 12.00
# Visual Studio Version 17
VisualStudioVersion = 17.2.32630.192
MinimumVisualStudioVersion = 10.0.40219.1
Project("{FAE04EC0-301F-11D3-BF4B-00C04F79EFBC}") = "SystemIO", "SystemIO\SystemIO.csproj", "{6C3BCAB7-05D7-45E8-B43F-140A1C1F0369}"
EndProject
Global
	GlobalSection(SolutionConfigurationPlatforms) = preSolution
		Debug|Any CPU = Debug|Any CPU
		Release|Any CPU = Release|Any CPU
	EndGlobalSection
	GlobalSection(ProjectConfigurationPlatforms) = postSolution
		{6C3BCAB7-05D7-45E8-B43F-140A1C1F0369}.Debug|Any CPU.ActiveCfg = Debug|Any CPU
		{6C3BCAB7-05D7-45E8-B43F-140A1C1F0369}.Debug|Any CPU.Build.0 = Debug|Any CPU
		{6C3BCAB7-05D7-45E8-B43F-140A1C1F0369}.Release|Any CPU.ActiveCfg = Release|Any CPU
		{6C3BCAB7-05D7-45E8-B43F-140A1C1F0369}.Release|Any CPU.Build.0 = Release|Any CPU
	EndGlobalSection
	GlobalSection(SolutionProperties) = preSolution
		HideSolutionNode = FALSE
	EndGlobalSection
	GlobalSection(ExtensibilityGlobals) = postSolution
		SolutionGuid = {EDA01959-6A23-44A2-8047-D1E88A4AA409}
	EndGlobalSection
EndGlobal
