
Microsoft Visual Studio Solution File, Format Version 12.00
# Visual Studio Version 17
VisualStudioVersion = 17.2.32630.192
MinimumVisualStudioVersion = 10.0.40219.1
Project("{FAE04EC0-301F-11D3-BF4B-00C04F79EFBC}") = "mosh_Vidly_Mvc", "mosh_Vidly_Mvc\mosh_Vidly_Mvc.csproj", "{6F9422CC-2F63-452F-8C5A-3C6DF6F1A5A1}"
EndProject
Global
	GlobalSection(SolutionConfigurationPlatforms) = preSolution
		Debug|Any CPU = Debug|Any CPU
		Release|Any CPU = Release|Any CPU
	EndGlobalSection
	GlobalSection(ProjectConfigurationPlatforms) = postSolution
		{6F9422CC-2F63-452F-8C5A-3C6DF6F1A5A1}.Debug|Any CPU.ActiveCfg = Debug|Any CPU
		{6F9422CC-2F63-452F-8C5A-3C6DF6F1A5A1}.Debug|Any CPU.Build.0 = Debug|Any CPU
		{6F9422CC-2F63-452F-8C5A-3C6DF6F1A5A1}.Release|Any CPU.ActiveCfg = Release|Any CPU
		{6F9422CC-2F63-452F-8C5A-3C6DF6F1A5A1}.Release|Any CPU.Build.0 = Release|Any CPU
	EndGlobalSection
	GlobalSection(SolutionProperties) = preSolution
		HideSolutionNode = FALSE
	EndGlobalSection
	GlobalSection(ExtensibilityGlobals) = postSolution
		SolutionGuid = {222018AF-FF90-4B42-8D12-A1746B861EE0}
	EndGlobalSection
EndGlobal
