
Microsoft Visual Studio Solution File, Format Version 12.00
# Visual Studio Version 17
VisualStudioVersion = 17.2.32630.192
MinimumVisualStudioVersion = 10.0.40219.1
Project("{9A19103F-16F7-4668-BE54-9A1E7A4F7556}") = "FoodiesCorner.ConsoleApp", "FoodiesCorner.ConsoleApp\FoodiesCorner.ConsoleApp.csproj", "{8A61D68D-7354-4D97-978B-12D6AA7CCA4C}"
EndProject
Project("{9A19103F-16F7-4668-BE54-9A1E7A4F7556}") = "FoodiesCorner.BackEnd", "FoodiesCorner.BackEnd\FoodiesCorner.BackEnd.csproj", "{1D679C27-7FBB-446C-8597-4B9580B53440}"
EndProject
Global
	GlobalSection(SolutionConfigurationPlatforms) = preSolution
		Debug|Any CPU = Debug|Any CPU
		Release|Any CPU = Release|Any CPU
	EndGlobalSection
	GlobalSection(ProjectConfigurationPlatforms) = postSolution
		{8A61D68D-7354-4D97-978B-12D6AA7CCA4C}.Debug|Any CPU.ActiveCfg = Debug|Any CPU
		{8A61D68D-7354-4D97-978B-12D6AA7CCA4C}.Debug|Any CPU.Build.0 = Debug|Any CPU
		{8A61D68D-7354-4D97-978B-12D6AA7CCA4C}.Release|Any CPU.ActiveCfg = Release|Any CPU
		{8A61D68D-7354-4D97-978B-12D6AA7CCA4C}.Release|Any CPU.Build.0 = Release|Any CPU
		{1D679C27-7FBB-446C-8597-4B9580B53440}.Debug|Any CPU.ActiveCfg = Debug|Any CPU
		{1D679C27-7FBB-446C-8597-4B9580B53440}.Debug|Any CPU.Build.0 = Debug|Any CPU
		{1D679C27-7FBB-446C-8597-4B9580B53440}.Release|Any CPU.ActiveCfg = Release|Any CPU
		{1D679C27-7FBB-446C-8597-4B9580B53440}.Release|Any CPU.Build.0 = Release|Any CPU
	EndGlobalSection
	GlobalSection(SolutionProperties) = preSolution
		HideSolutionNode = FALSE
	EndGlobalSection
	GlobalSection(ExtensibilityGlobals) = postSolution
		SolutionGuid = {1F7A6B4A-EDFE-475B-A563-901E54B00D08}
	EndGlobalSection
EndGlobal
